// !$*UTF8*$!
{
	archiveVersion = 1;
	classes = {
	};
	objectVersion = 50;
	objects = {

/* Begin PBXBuildFile section */
		B57DCE8E247EFF7600815D6B /* Secrets.plist in Resources */ = {isa = PBXBuildFile; fileRef = B57DCE8D247EFF7600815D6B /* Secrets.plist */; };
		B5855452247D8AD300EE10D9 /* AppDelegate.swift in Sources */ = {isa = PBXBuildFile; fileRef = B5855451247D8AD300EE10D9 /* AppDelegate.swift */; };
		B5855454247D8AD300EE10D9 /* SceneDelegate.swift in Sources */ = {isa = PBXBuildFile; fileRef = B5855453247D8AD300EE10D9 /* SceneDelegate.swift */; };
		B5855456247D8AD300EE10D9 /* ViewController.swift in Sources */ = {isa = PBXBuildFile; fileRef = B5855455247D8AD300EE10D9 /* ViewController.swift */; };
		B5855459247D8AD300EE10D9 /* Main.storyboard in Resources */ = {isa = PBXBuildFile; fileRef = B5855457247D8AD300EE10D9 /* Main.storyboard */; };
		B585545B247D8AD800EE10D9 /* Assets.xcassets in Resources */ = {isa = PBXBuildFile; fileRef = B585545A247D8AD800EE10D9 /* Assets.xcassets */; };
		B585545E247D8AD800EE10D9 /* LaunchScreen.storyboard in Resources */ = {isa = PBXBuildFile; fileRef = B585545C247D8AD800EE10D9 /* LaunchScreen.storyboard */; };
		B5855466247D994A00EE10D9 /* WeatherManager.swift in Sources */ = {isa = PBXBuildFile; fileRef = B5855465247D994A00EE10D9 /* WeatherManager.swift */; };
		B585546B247D9F9C00EE10D9 /* WeatherData.swift in Sources */ = {isa = PBXBuildFile; fileRef = B585546A247D9F9C00EE10D9 /* WeatherData.swift */; };
		B585546D247DDEE200EE10D9 /* WeatherModel.swift in Sources */ = {isa = PBXBuildFile; fileRef = B585546C247DDEE200EE10D9 /* WeatherModel.swift */; };
/* End PBXBuildFile section */

/* Begin PBXFileReference section */
		B57DCE8D247EFF7600815D6B /* Secrets.plist */ = {isa = PBXFileReference; lastKnownFileType = text.plist.xml; path = Secrets.plist; sourceTree = "<group>"; };
		B585544E247D8AD300EE10D9 /* Tempo.app */ = {isa = PBXFileReference; explicitFileType = wrapper.application; includeInIndex = 0; path = Tempo.app; sourceTree = BUILT_PRODUCTS_DIR; };
		B5855451247D8AD300EE10D9 /* AppDelegate.swift */ = {isa = PBXFileReference; lastKnownFileType = sourcecode.swift; path = AppDelegate.swift; sourceTree = "<group>"; };
		B5855453247D8AD300EE10D9 /* SceneDelegate.swift */ = {isa = PBXFileReference; lastKnownFileType = sourcecode.swift; path = SceneDelegate.swift; sourceTree = "<group>"; };
		B5855455247D8AD300EE10D9 /* ViewController.swift */ = {isa = PBXFileReference; lastKnownFileType = sourcecode.swift; path = ViewController.swift; sourceTree = "<group>"; };
		B5855458247D8AD300EE10D9 /* Base */ = {isa = PBXFileReference; lastKnownFileType = file.storyboard; name = Base; path = Base.lproj/Main.storyboard; sourceTree = "<group>"; };
		B585545A247D8AD800EE10D9 /* Assets.xcassets */ = {isa = PBXFileReference; lastKnownFileType = folder.assetcatalog; path = Assets.xcassets; sourceTree = "<group>"; };
		B585545D247D8AD800EE10D9 /* Base */ = {isa = PBXFileReference; lastKnownFileType = file.storyboard; name = Base; path = Base.lproj/LaunchScreen.storyboard; sourceTree = "<group>"; };
		B585545F247D8AD800EE10D9 /* Info.plist */ = {isa = PBXFileReference; lastKnownFileType = text.plist.xml; path = Info.plist; sourceTree = "<group>"; };
		B5855465247D994A00EE10D9 /* WeatherManager.swift */ = {isa = PBXFileReference; lastKnownFileType = sourcecode.swift; path = WeatherManager.swift; sourceTree = "<group>"; };
		B585546A247D9F9C00EE10D9 /* WeatherData.swift */ = {isa = PBXFileReference; lastKnownFileType = sourcecode.swift; path = WeatherData.swift; sourceTree = "<group>"; };
		B585546C247DDEE200EE10D9 /* WeatherModel.swift */ = {isa = PBXFileReference; lastKnownFileType = sourcecode.swift; path = WeatherModel.swift; sourceTree = "<group>"; };
/* End PBXFileReference section */

/* Begin PBXFrameworksBuildPhase section */
		B585544B247D8AD300EE10D9 /* Frameworks */ = {
			isa = PBXFrameworksBuildPhase;
			buildActionMask = 2147483647;
			files = (
			);
			runOnlyForDeploymentPostprocessing = 0;
		};
/* End PBXFrameworksBuildPhase section */

/* Begin PBXGroup section */
		B5855445247D8AD300EE10D9 = {
			isa = PBXGroup;
			children = (
				B5855450247D8AD300EE10D9 /* Tempo */,
				B585544F247D8AD300EE10D9 /* Products */,
			);
			sourceTree = "<group>";
		};
		B585544F247D8AD300EE10D9 /* Products */ = {
			isa = PBXGroup;
			children = (
				B585544E247D8AD300EE10D9 /* Tempo.app */,
			);
			name = Products;
			sourceTree = "<group>";
		};
		B5855450247D8AD300EE10D9 /* Tempo */ = {
			isa = PBXGroup;
			children = (
				B5855451247D8AD300EE10D9 /* AppDelegate.swift */,
				B5855453247D8AD300EE10D9 /* SceneDelegate.swift */,
				B5855467247D9CC800EE10D9 /* Model */,
				B5855468247D9CD100EE10D9 /* View */,
				B5855469247D9CD700EE10D9 /* Controller */,
				B585545A247D8AD800EE10D9 /* Assets.xcassets */,
				B585545C247D8AD800EE10D9 /* LaunchScreen.storyboard */,
				B585545F247D8AD800EE10D9 /* Info.plist */,
				B57DCE8D247EFF7600815D6B /* Secrets.plist */,
			);
			path = Tempo;
			sourceTree = "<group>";
		};
		B5855467247D9CC800EE10D9 /* Model */ = {
			isa = PBXGroup;
			children = (
				B5855465247D994A00EE10D9 /* WeatherManager.swift */,
				B585546A247D9F9C00EE10D9 /* WeatherData.swift */,
				B585546C247DDEE200EE10D9 /* WeatherModel.swift */,
			);
			path = Model;
			sourceTree = "<group>";
		};
		B5855468247D9CD100EE10D9 /* View */ = {
			isa = PBXGroup;
			children = (
				B5855457247D8AD300EE10D9 /* Main.storyboard */,
			);
			path = View;
			sourceTree = "<group>";
		};
		B5855469247D9CD700EE10D9 /* Controller */ = {
			isa = PBXGroup;
			children = (
				B5855455247D8AD300EE10D9 /* ViewController.swift */,
			);
			path = Controller;
			sourceTree = "<group>";
		};
/* End PBXGroup section */

/* Begin PBXNativeTarget section */
		B585544D247D8AD300EE10D9 /* Tempo */ = {
			isa = PBXNativeTarget;
			buildConfigurationList = B5855462247D8AD800EE10D9 /* Build configuration list for PBXNativeTarget "Tempo" */;
			buildPhases = (
				B585544A247D8AD300EE10D9 /* Sources */,
				B585544B247D8AD300EE10D9 /* Frameworks */,
				B585544C247D8AD300EE10D9 /* Resources */,
			);
			buildRules = (
			);
			dependencies = (
			);
			name = Tempo;
			productName = Tempo;
			productReference = B585544E247D8AD300EE10D9 /* Tempo.app */;
			productType = "com.apple.product-type.application";
		};
/* End PBXNativeTarget section */

/* Begin PBXProject section */
		B5855446247D8AD300EE10D9 /* Project object */ = {
			isa = PBXProject;
			attributes = {
				LastSwiftUpdateCheck = 1150;
				LastUpgradeCheck = 1150;
				ORGANIZATIONNAME = "Ivan Geier";
				TargetAttributes = {
					B585544D247D8AD300EE10D9 = {
						CreatedOnToolsVersion = 11.5;
					};
				};
			};
			buildConfigurationList = B5855449247D8AD300EE10D9 /* Build configuration list for PBXProject "Tempo" */;
			compatibilityVersion = "Xcode 9.3";
			developmentRegion = en;
			hasScannedForEncodings = 0;
			knownRegions = (
				en,
				Base,
			);
			mainGroup = B5855445247D8AD300EE10D9;
			productRefGroup = B585544F247D8AD300EE10D9 /* Products */;
			projectDirPath = "";
			projectRoot = "";
			targets = (
				B585544D247D8AD300EE10D9 /* Tempo */,
			);
		};
/* End PBXProject section */

/* Begin PBXResourcesBuildPhase section */
		B585544C247D8AD300EE10D9 /* Resources */ = {
			isa = PBXResourcesBuildPhase;
			buildActionMask = 2147483647;
			files = (
				B57DCE8E247EFF7600815D6B /* Secrets.plist in Resources */,
				B585545E247D8AD800EE10D9 /* LaunchScreen.storyboard in Resources */,
				B585545B247D8AD800EE10D9 /* Assets.xcassets in Resources */,
				B5855459247D8AD300EE10D9 /* Main.storyboard in Resources */,
			);
			runOnlyForDeploymentPostprocessing = 0;
		};
/* End PBXResourcesBuildPhase section */

/* Begin PBXSourcesBuildPhase section */
		B585544A247D8AD300EE10D9 /* Sources */ = {
			isa = PBXSourcesBuildPhase;
			buildActionMask = 2147483647;
			files = (
				B5855456247D8AD300EE10D9 /* ViewController.swift in Sources */,
				B585546B247D9F9C00EE10D9 /* WeatherData.swift in Sources */,
				B5855452247D8AD300EE10D9 /* AppDelegate.swift in Sources */,
				B5855466247D994A00EE10D9 /* WeatherManager.swift in Sources */,
				B585546D247DDEE200EE10D9 /* WeatherModel.swift in Sources */,
				B5855454247D8AD300EE10D9 /* SceneDelegate.swift in Sources */,
			);
			runOnlyForDeploymentPostprocessing = 0;
		};
/* End PBXSourcesBuildPhase section */

/* Begin PBXVariantGroup section */
		B5855457247D8AD300EE10D9 /* Main.storyboard */ = {
			isa = PBXVariantGroup;
			children = (
				B5855458247D8AD300EE10D9 /* Base */,
			);
			name = Main.storyboard;
			sourceTree = "<group>";
		};
		B585545C247D8AD800EE10D9 /* LaunchScreen.storyboard */ = {
			isa = PBXVariantGroup;
			children = (
				B585545D247D8AD800EE10D9 /* Base */,
			);
			name = LaunchScreen.storyboard;
			sourceTree = "<group>";
		};
/* End PBXVariantGroup section */

/* Begin XCBuildConfiguration section */
		B5855460247D8AD800EE10D9 /* Debug */ = {
			isa = XCBuildConfiguration;
			buildSettings = {
				ALWAYS_SEARCH_USER_PATHS = NO;
				CLANG_ANALYZER_NONNULL = YES;
				CLANG_ANALYZER_NUMBER_OBJECT_CONVERSION = YES_AGGRESSIVE;
				CLANG_CXX_LANGUAGE_STANDARD = "gnu++14";
				CLANG_CXX_LIBRARY = "libc++";
				CLANG_ENABLE_MODULES = YES;
				CLANG_ENABLE_OBJC_ARC = YES;
				CLANG_ENABLE_OBJC_WEAK = YES;
				CLANG_WARN_BLOCK_CAPTURE_AUTORELEASING = YES;
				CLANG_WARN_BOOL_CONVERSION = YES;
				CLANG_WARN_COMMA = YES;
				CLANG_WARN_CONSTANT_CONVERSION = YES;
				CLANG_WARN_DEPRECATED_OBJC_IMPLEMENTATIONS = YES;
				CLANG_WARN_DIRECT_OBJC_ISA_USAGE = YES_ERROR;
				CLANG_WARN_DOCUMENTATION_COMMENTS = YES;
				CLANG_WARN_EMPTY_BODY = YES;
				CLANG_WARN_ENUM_CONVERSION = YES;
				CLANG_WARN_INFINITE_RECURSION = YES;
				CLANG_WARN_INT_CONVERSION = YES;
				CLANG_WARN_NON_LITERAL_NULL_CONVERSION = YES;
				CLANG_WARN_OBJC_IMPLICIT_RETAIN_SELF = YES;
				CLANG_WARN_OBJC_LITERAL_CONVERSION = YES;
				CLANG_WARN_OBJC_ROOT_CLASS = YES_ERROR;
				CLANG_WARN_RANGE_LOOP_ANALYSIS = YES;
				CLANG_WARN_STRICT_PROTOTYPES = YES;
				CLANG_WARN_SUSPICIOUS_MOVE = YES;
				CLANG_WARN_UNGUARDED_AVAILABILITY = YES_AGGRESSIVE;
				CLANG_WARN_UNREACHABLE_CODE = YES;
				CLANG_WARN__DUPLICATE_METHOD_MATCH = YES;
				COPY_PHASE_STRIP = NO;
				DEBUG_INFORMATION_FORMAT = dwarf;
				ENABLE_STRICT_OBJC_MSGSEND = YES;
				ENABLE_TESTABILITY = YES;
				GCC_C_LANGUAGE_STANDARD = gnu11;
				GCC_DYNAMIC_NO_PIC = NO;
				GCC_NO_COMMON_BLOCKS = YES;
				GCC_OPTIMIZATION_LEVEL = 0;
				GCC_PREPROCESSOR_DEFINITIONS = (
					"DEBUG=1",
					"$(inherited)",
				);
				GCC_WARN_64_TO_32_BIT_CONVERSION = YES;
				GCC_WARN_ABOUT_RETURN_TYPE = YES_ERROR;
				GCC_WARN_UNDECLARED_SELECTOR = YES;
				GCC_WARN_UNINITIALIZED_AUTOS = YES_AGGRESSIVE;
				GCC_WARN_UNUSED_FUNCTION = YES;
				GCC_WARN_UNUSED_VARIABLE = YES;
				IPHONEOS_DEPLOYMENT_TARGET = 13.5;
				MTL_ENABLE_DEBUG_INFO = INCLUDE_SOURCE;
				MTL_FAST_MATH = YES;
				ONLY_ACTIVE_ARCH = YES;
				SDKROOT = iphoneos;
				SWIFT_ACTIVE_COMPILATION_CONDITIONS = DEBUG;
				SWIFT_OPTIMIZATION_LEVEL = "-Onone";
			};
			name = Debug;
		};
		B5855461247D8AD800EE10D9 /* Release */ = {
			isa = XCBuildConfiguration;
			buildSettings = {
				ALWAYS_SEARCH_USER_PATHS = NO;
				CLANG_ANALYZER_NONNULL = YES;
				CLANG_ANALYZER_NUMBER_OBJECT_CONVERSION = YES_AGGRESSIVE;
				CLANG_CXX_LANGUAGE_STANDARD = "gnu++14";
				CLANG_CXX_LIBRARY = "libc++";
				CLANG_ENABLE_MODULES = YES;
				CLANG_ENABLE_OBJC_ARC = YES;
				CLANG_ENABLE_OBJC_WEAK = YES;
				CLANG_WARN_BLOCK_CAPTURE_AUTORELEASING = YES;
				CLANG_WARN_BOOL_CONVERSION = YES;
				CLANG_WARN_COMMA = YES;
				CLANG_WARN_CONSTANT_CONVERSION = YES;
				CLANG_WARN_DEPRECATED_OBJC_IMPLEMENTATIONS = YES;
				CLANG_WARN_DIRECT_OBJC_ISA_USAGE = YES_ERROR;
				CLANG_WARN_DOCUMENTATION_COMMENTS = YES;
				CLANG_WARN_EMPTY_BODY = YES;
				CLANG_WARN_ENUM_CONVERSION = YES;
				CLANG_WARN_INFINITE_RECURSION = YES;
				CLANG_WARN_INT_CONVERSION = YES;
				CLANG_WARN_NON_LITERAL_NULL_CONVERSION = YES;
				CLANG_WARN_OBJC_IMPLICIT_RETAIN_SELF = YES;
				CLANG_WARN_OBJC_LITERAL_CONVERSION = YES;
				CLANG_WARN_OBJC_ROOT_CLASS = YES_ERROR;
				CLANG_WARN_RANGE_LOOP_ANALYSIS = YES;
				CLANG_WARN_STRICT_PROTOTYPES = YES;
				CLANG_WARN_SUSPICIOUS_MOVE = YES;
				CLANG_WARN_UNGUARDED_AVAILABILITY = YES_AGGRESSIVE;
				CLANG_WARN_UNREACHABLE_CODE = YES;
				CLANG_WARN__DUPLICATE_METHOD_MATCH = YES;
				COPY_PHASE_STRIP = NO;
				DEBUG_INFORMATION_FORMAT = "dwarf-with-dsym";
				ENABLE_NS_ASSERTIONS = NO;
				ENABLE_STRICT_OBJC_MSGSEND = YES;
				GCC_C_LANGUAGE_STANDARD = gnu11;
				GCC_NO_COMMON_BLOCKS = YES;
				GCC_WARN_64_TO_32_BIT_CONVERSION = YES;
				GCC_WARN_ABOUT_RETURN_TYPE = YES_ERROR;
				GCC_WARN_UNDECLARED_SELECTOR = YES;
				GCC_WARN_UNINITIALIZED_AUTOS = YES_AGGRESSIVE;
				GCC_WARN_UNUSED_FUNCTION = YES;
				GCC_WARN_UNUSED_VARIABLE = YES;
				IPHONEOS_DEPLOYMENT_TARGET = 13.5;
				MTL_ENABLE_DEBUG_INFO = NO;
				MTL_FAST_MATH = YES;
				SDKROOT = iphoneos;
				SWIFT_COMPILATION_MODE = wholemodule;
				SWIFT_OPTIMIZATION_LEVEL = "-O";
				VALIDATE_PRODUCT = YES;
			};
			name = Release;
		};
		B5855463247D8AD800EE10D9 /* Debug */ = {
			isa = XCBuildConfiguration;
			buildSettings = {
				ASSETCATALOG_COMPILER_APPICON_NAME = AppIcon;
				CODE_SIGN_STYLE = Automatic;
				DEVELOPMENT_TEAM = HNNH985PK8;
				INFOPLIST_FILE = Tempo/Info.plist;
				IPHONEOS_DEPLOYMENT_TARGET = 13.0;
				LD_RUNPATH_SEARCH_PATHS = (
					"$(inherited)",
					"@executable_path/Frameworks",
				);
				PRODUCT_BUNDLE_IDENTIFIER = com.ivangeier.Tempo;
				PRODUCT_NAME = "$(TARGET_NAME)";
				SWIFT_VERSION = 5.0;
				TARGETED_DEVICE_FAMILY = "1,2";
			};
			name = Debug;
		};
		B5855464247D8AD800EE10D9 /* Release */ = {
			isa = XCBuildConfiguration;
			buildSettings = {
				ASSETCATALOG_COMPILER_APPICON_NAME = AppIcon;
				CODE_SIGN_STYLE = Automatic;
				DEVELOPMENT_TEAM = HNNH985PK8;
				INFOPLIST_FILE = Tempo/Info.plist;
				IPHONEOS_DEPLOYMENT_TARGET = 13.0;
				LD_RUNPATH_SEARCH_PATHS = (
					"$(inherited)",
					"@executable_path/Frameworks",
				);
				PRODUCT_BUNDLE_IDENTIFIER = com.ivangeier.Tempo;
				PRODUCT_NAME = "$(TARGET_NAME)";
				SWIFT_VERSION = 5.0;
				TARGETED_DEVICE_FAMILY = "1,2";
			};
			name = Release;
		};
/* End XCBuildConfiguration section */

/* Begin XCConfigurationList section */
		B5855449247D8AD300EE10D9 /* Build configuration list for PBXProject "Tempo" */ = {
			isa = XCConfigurationList;
			buildConfigurations = (
				B5855460247D8AD800EE10D9 /* Debug */,
				B5855461247D8AD800EE10D9 /* Release */,
			);
			defaultConfigurationIsVisible = 0;
			defaultConfigurationName = Release;
		};
		B5855462247D8AD800EE10D9 /* Build configuration list for PBXNativeTarget "Tempo" */ = {
			isa = XCConfigurationList;
			buildConfigurations = (
				B5855463247D8AD800EE10D9 /* Debug */,
				B5855464247D8AD800EE10D9 /* Release */,
			);
			defaultConfigurationIsVisible = 0;
			defaultConfigurationName = Release;
		};
/* End XCConfigurationList section */
	};
	rootObject = B5855446247D8AD300EE10D9 /* Project object */;
}
